// !$*UTF8*$!
{
	archiveVersion = 1;
	classes = {
	};
	objectVersion = 56;
	objects = {

/* Begin PBXBuildFile section */
		63051F4C2AE8E4AB00B0C64A /* MaskBootcamp.swift in Sources */ = {isa = PBXBuildFile; fileRef = 63051F4B2AE8E4AB00B0C64A /* MaskBootcamp.swift */; };
		63051F4E2AE8EA3900B0C64A /* SoundsBootcamp.swift in Sources */ = {isa = PBXBuildFile; fileRef = 63051F4D2AE8EA3900B0C64A /* SoundsBootcamp.swift */; };
		63051F512AE8F38000B0C64A /* tada.mp3 in Resources */ = {isa = PBXBuildFile; fileRef = 63051F502AE8F38000B0C64A /* tada.mp3 */; };
		63051F532AE8FAAC00B0C64A /* HapticBootcamp.swift in Sources */ = {isa = PBXBuildFile; fileRef = 63051F522AE8FAAC00B0C64A /* HapticBootcamp.swift */; };
		63051F552AE913AD00B0C64A /* LocalNotificationBootcamp.swift in Sources */ = {isa = PBXBuildFile; fileRef = 63051F542AE913AD00B0C64A /* LocalNotificationBootcamp.swift */; };
		63051F572AE9259200B0C64A /* HashableBootcamp.swift in Sources */ = {isa = PBXBuildFile; fileRef = 63051F562AE9259200B0C64A /* HashableBootcamp.swift */; };
		630D44642AF8ABB900054FF9 /* AccessibilityColorBootcamp.swift in Sources */ = {isa = PBXBuildFile; fileRef = 630D44632AF8ABB900054FF9 /* AccessibilityColorBootcamp.swift */; };
		630D44662AF8CB6300054FF9 /* AccessibilityVoiceOverBootcamp.swift in Sources */ = {isa = PBXBuildFile; fileRef = 630D44652AF8CB6300054FF9 /* AccessibilityVoiceOverBootcamp.swift */; };
		630D44692AF8EB4700054FF9 /* ViewModifiersBootcamp.swift in Sources */ = {isa = PBXBuildFile; fileRef = 630D44682AF8EB4700054FF9 /* ViewModifiersBootcamp.swift */; };
		6316490F2AD7F3F400C3E8FE /* DownloadImageAsyncBootcamp.swift in Sources */ = {isa = PBXBuildFile; fileRef = 6316490E2AD7F3F400C3E8FE /* DownloadImageAsyncBootcamp.swift */; };
		631F5FB12ADD272700768AEF /* AsyncPublisherBootcamp.swift in Sources */ = {isa = PBXBuildFile; fileRef = 631F5FB02ADD272700768AEF /* AsyncPublisherBootcamp.swift */; };
		631F5FB32ADD3AC000768AEF /* ProtocolsBootcamp.swift in Sources */ = {isa = PBXBuildFile; fileRef = 631F5FB22ADD3AC000768AEF /* ProtocolsBootcamp.swift */; };
		6329B1312AEA23710084C77B /* SortFilterMapBootcamp.swift in Sources */ = {isa = PBXBuildFile; fileRef = 6329B1302AEA23710084C77B /* SortFilterMapBootcamp.swift */; };
		633A19112AFE031C005F9A5B /* CustomShapesBootcamp.swift in Sources */ = {isa = PBXBuildFile; fileRef = 633A19102AFE031C005F9A5B /* CustomShapesBootcamp.swift */; };
		633BCB462AF4B30300F7F619 /* PhotoModel.swift in Sources */ = {isa = PBXBuildFile; fileRef = 633BCB452AF4B30300F7F619 /* PhotoModel.swift */; };
		633BCB482AF4B3A600F7F619 /* DownlodingImagesViewModel.swift in Sources */ = {isa = PBXBuildFile; fileRef = 633BCB472AF4B3A600F7F619 /* DownlodingImagesViewModel.swift */; };
		633BCB4A2AF4B49400F7F619 /* DownloadingImagesBootcamp.swift in Sources */ = {isa = PBXBuildFile; fileRef = 633BCB492AF4B49400F7F619 /* DownloadingImagesBootcamp.swift */; };
		633BCB4C2AF4B57200F7F619 /* PhotoModelDataService.swift in Sources */ = {isa = PBXBuildFile; fileRef = 633BCB4B2AF4B57200F7F619 /* PhotoModelDataService.swift */; };
		633BCB502AF4BBF200F7F619 /* PhotoItemView.swift in Sources */ = {isa = PBXBuildFile; fileRef = 633BCB4F2AF4BBF200F7F619 /* PhotoItemView.swift */; };
		633BCB522AF4C3FE00F7F619 /* PhotoView.swift in Sources */ = {isa = PBXBuildFile; fileRef = 633BCB512AF4C3FE00F7F619 /* PhotoView.swift */; };
		633BCB542AF4C4DC00F7F619 /* ImageLoadingViewModel.swift in Sources */ = {isa = PBXBuildFile; fileRef = 633BCB532AF4C4DC00F7F619 /* ImageLoadingViewModel.swift */; };
		633BCB562AF4CACC00F7F619 /* PhotoModelCacheManager.swift in Sources */ = {isa = PBXBuildFile; fileRef = 633BCB552AF4CACC00F7F619 /* PhotoModelCacheManager.swift */; };
		633BCB592AF4CCC300F7F619 /* PhotoModelFileManager.swift in Sources */ = {isa = PBXBuildFile; fileRef = 633BCB582AF4CCC300F7F619 /* PhotoModelFileManager.swift */; };
		633BCB5B2AF4F6A600F7F619 /* PhotoViewer.swift in Sources */ = {isa = PBXBuildFile; fileRef = 633BCB5A2AF4F6A600F7F619 /* PhotoViewer.swift */; };
		633DBF9C2AD3CA6500F45A48 /* iOS_BootcampApp.swift in Sources */ = {isa = PBXBuildFile; fileRef = 633DBF9B2AD3CA6500F45A48 /* iOS_BootcampApp.swift */; };
		633DBFA02AD3CA6700F45A48 /* Assets.xcassets in Resources */ = {isa = PBXBuildFile; fileRef = 633DBF9F2AD3CA6700F45A48 /* Assets.xcassets */; };
		633DBFA32AD3CA6700F45A48 /* Preview Assets.xcassets in Resources */ = {isa = PBXBuildFile; fileRef = 633DBFA22AD3CA6700F45A48 /* Preview Assets.xcassets */; };
		63B51F862AD69E75004FD296 /* TaskViewModel.swift in Sources */ = {isa = PBXBuildFile; fileRef = 63B51F7D2AD69E75004FD296 /* TaskViewModel.swift */; };
		63B51F872AD69E75004FD296 /* AddView.swift in Sources */ = {isa = PBXBuildFile; fileRef = 63B51F7F2AD69E75004FD296 /* AddView.swift */; };
		63B51F882AD69E75004FD296 /* LaunchScreen.storyboard in Resources */ = {isa = PBXBuildFile; fileRef = 63B51F802AD69E75004FD296 /* LaunchScreen.storyboard */; };
		63B51F892AD69E75004FD296 /* NoTasksView.swift in Sources */ = {isa = PBXBuildFile; fileRef = 63B51F812AD69E75004FD296 /* NoTasksView.swift */; };
		63B51F8A2AD69E75004FD296 /* TasksView.swift in Sources */ = {isa = PBXBuildFile; fileRef = 63B51F822AD69E75004FD296 /* TasksView.swift */; };
		63B51F8B2AD69E75004FD296 /* TaskItem.swift in Sources */ = {isa = PBXBuildFile; fileRef = 63B51F832AD69E75004FD296 /* TaskItem.swift */; };
		63B51F8C2AD69E75004FD296 /* TaskModel.swift in Sources */ = {isa = PBXBuildFile; fileRef = 63B51F852AD69E75004FD296 /* TaskModel.swift */; };
		63B51F8F2AD6B4B7004FD296 /* DoCatchTryThrowsBootcamp.swift in Sources */ = {isa = PBXBuildFile; fileRef = 63B51F8E2AD6B4B7004FD296 /* DoCatchTryThrowsBootcamp.swift */; };
		63B916822AE23E5C0088C475 /* ActorsBootcamp.swift in Sources */ = {isa = PBXBuildFile; fileRef = 63B916812AE23E5C0088C475 /* ActorsBootcamp.swift */; };
		63B916842AE2855A0088C475 /* SendableBootcamp.swift in Sources */ = {isa = PBXBuildFile; fileRef = 63B916832AE2855A0088C475 /* SendableBootcamp.swift */; };
		63BC29B52AEA623F00ADC3BD /* CoreDataBootcamp.swift in Sources */ = {isa = PBXBuildFile; fileRef = 63BC29B42AEA623F00ADC3BD /* CoreDataBootcamp.swift */; };
		63BC29B82AEA68B600ADC3BD /* CoreDataContainer.xcdatamodeld in Sources */ = {isa = PBXBuildFile; fileRef = 63BC29B62AEA68B600ADC3BD /* CoreDataContainer.xcdatamodeld */; };
		63C198012AF0E8EC00566A0D /* BackgroundThreadBootcamp.swift in Sources */ = {isa = PBXBuildFile; fileRef = 63C198002AF0E8EC00566A0D /* BackgroundThreadBootcamp.swift */; };
		63C198032AF0F44100566A0D /* WeakSelfBootcamp.swift in Sources */ = {isa = PBXBuildFile; fileRef = 63C198022AF0F44100566A0D /* WeakSelfBootcamp.swift */; };
		63C198052AF1053B00566A0D /* TypealiasBootcamp.swift in Sources */ = {isa = PBXBuildFile; fileRef = 63C198042AF1053B00566A0D /* TypealiasBootcamp.swift */; };
		63C198072AF10FCD00566A0D /* EscapingBootcamp.swift in Sources */ = {isa = PBXBuildFile; fileRef = 63C198062AF10FCD00566A0D /* EscapingBootcamp.swift */; };
		63C839DD2AF217F800C239BF /* CodableBootcamp.swift in Sources */ = {isa = PBXBuildFile; fileRef = 63C839DC2AF217F800C239BF /* CodableBootcamp.swift */; };
		63C839DF2AF221EB00C239BF /* DownloadFromAPIBootcamp.swift in Sources */ = {isa = PBXBuildFile; fileRef = 63C839DE2AF221EB00C239BF /* DownloadFromAPIBootcamp.swift */; };
		63C839E12AF2524400C239BF /* DownloadWithCombineBootcamp.swift in Sources */ = {isa = PBXBuildFile; fileRef = 63C839E02AF2524400C239BF /* DownloadWithCombineBootcamp.swift */; };
		63C839E32AF2633700C239BF /* TimerBootcamp.swift in Sources */ = {isa = PBXBuildFile; fileRef = 63C839E22AF2633700C239BF /* TimerBootcamp.swift */; };
		63C8D2262ADE447D004CBE60 /* StrongSelfBootcamp.swift in Sources */ = {isa = PBXBuildFile; fileRef = 63C8D2252ADE447D004CBE60 /* StrongSelfBootcamp.swift */; };
		63C8D2282ADE59DA004CBE60 /* MVVMBootcamp.swift in Sources */ = {isa = PBXBuildFile; fileRef = 63C8D2272ADE59DA004CBE60 /* MVVMBootcamp.swift */; };
		63C8D22A2ADE683E004CBE60 /* RefreshableBootcamp.swift in Sources */ = {isa = PBXBuildFile; fileRef = 63C8D2292ADE683E004CBE60 /* RefreshableBootcamp.swift */; };
		63C8D22C2ADE7B57004CBE60 /* PhotosPickerBootcamp.swift in Sources */ = {isa = PBXBuildFile; fileRef = 63C8D22B2ADE7B57004CBE60 /* PhotosPickerBootcamp.swift */; };
		63CA1D5A2AF3623D0090BD01 /* SubscribersBootcamp.swift in Sources */ = {isa = PBXBuildFile; fileRef = 63CA1D592AF3623D0090BD01 /* SubscribersBootcamp.swift */; };
		63CA1D5C2AF377B20090BD01 /* FileManagerBootcamp.swift in Sources */ = {isa = PBXBuildFile; fileRef = 63CA1D5B2AF377B20090BD01 /* FileManagerBootcamp.swift */; };
		63CA1D642AF3B2090090BD01 /* CacheBootcamp.swift in Sources */ = {isa = PBXBuildFile; fileRef = 63CA1D632AF3B2090090BD01 /* CacheBootcamp.swift */; };
		63CCE0862AFB7DED00E88AEA /* AnyTransitionBootcamp.swift in Sources */ = {isa = PBXBuildFile; fileRef = 63CCE0852AFB7DED00E88AEA /* AnyTransitionBootcamp.swift */; };
		63CCE0882AFB98E300E88AEA /* MatchedGeometryEffectBootcamp.swift in Sources */ = {isa = PBXBuildFile; fileRef = 63CCE0872AFB98E300E88AEA /* MatchedGeometryEffectBootcamp.swift */; };
		63CE08162AE67F8B001588FE /* LongPressGestureBootcamp.swift in Sources */ = {isa = PBXBuildFile; fileRef = 63CE08152AE67F8B001588FE /* LongPressGestureBootcamp.swift */; };
		63CE08182AE68CC9001588FE /* MagnificationGestureBootcamp.swift in Sources */ = {isa = PBXBuildFile; fileRef = 63CE08172AE68CC9001588FE /* MagnificationGestureBootcamp.swift */; };
		63CE081B2AE693F8001588FE /* RotationGestureBootcamp.swift in Sources */ = {isa = PBXBuildFile; fileRef = 63CE081A2AE693F8001588FE /* RotationGestureBootcamp.swift */; };
		63DED9452AD3CCE70057A584 /* ContextMenuBootcamp.swift in Sources */ = {isa = PBXBuildFile; fileRef = 63DED91B2AD3CCE70057A584 /* ContextMenuBootcamp.swift */; };
		63DED9462AD3CCE70057A584 /* CustomModelBootcamp.swift in Sources */ = {isa = PBXBuildFile; fileRef = 63DED91C2AD3CCE70057A584 /* CustomModelBootcamp.swift */; };
		63DED9472AD3CCE70057A584 /* TextBootcamp.swift in Sources */ = {isa = PBXBuildFile; fileRef = 63DED91D2AD3CCE70057A584 /* TextBootcamp.swift */; };
		63DED9482AD3CCE70057A584 /* SheetBootcamp.swift in Sources */ = {isa = PBXBuildFile; fileRef = 63DED91E2AD3CCE70057A584 /* SheetBootcamp.swift */; };
		63DED9492AD3CCE70057A584 /* ListBootcamp.swift in Sources */ = {isa = PBXBuildFile; fileRef = 63DED91F2AD3CCE70057A584 /* ListBootcamp.swift */; };
		63DED94A2AD3CCE70057A584 /* ToggleBootcamp.swift in Sources */ = {isa = PBXBuildFile; fileRef = 63DED9202AD3CCE70057A584 /* ToggleBootcamp.swift */; };
		63DED94B2AD3CCE70057A584 /* NavigationStackBootcamp.swift in Sources */ = {isa = PBXBuildFile; fileRef = 63DED9212AD3CCE70057A584 /* NavigationStackBootcamp.swift */; };
		63DED94C2AD3CCE70057A584 /* GridViewBootcamp.swift in Sources */ = {isa = PBXBuildFile; fileRef = 63DED9222AD3CCE70057A584 /* GridViewBootcamp.swift */; };
		63DED94D2AD3CCE70057A584 /* FrameBootcamp.swift in Sources */ = {isa = PBXBuildFile; fileRef = 63DED9232AD3CCE70057A584 /* FrameBootcamp.swift */; };
		63DED94E2AD3CCE70057A584 /* ToolbarBootcamp.swift in Sources */ = {isa = PBXBuildFile; fileRef = 63DED9242AD3CCE70057A584 /* ToolbarBootcamp.swift */; };
		63DED94F2AD3CCE70057A584 /* DocumentationBootcamp.swift in Sources */ = {isa = PBXBuildFile; fileRef = 63DED9252AD3CCE70057A584 /* DocumentationBootcamp.swift */; };
		63DED9502AD3CCE70057A584 /* ColorPickerBootcamp.swift in Sources */ = {isa = PBXBuildFile; fileRef = 63DED9262AD3CCE70057A584 /* ColorPickerBootcamp.swift */; };
		63DED9512AD3CCE70057A584 /* EnvironmentObjectBootcamp.swift in Sources */ = {isa = PBXBuildFile; fileRef = 63DED9272AD3CCE70057A584 /* EnvironmentObjectBootcamp.swift */; };
		63DED9522AD3CCE70057A584 /* DatePickerBootcamp.swift in Sources */ = {isa = PBXBuildFile; fileRef = 63DED9282AD3CCE70057A584 /* DatePickerBootcamp.swift */; };
		63DED9532AD3CCE70057A584 /* SafeAreaInsetsBootcamp.swift in Sources */ = {isa = PBXBuildFile; fileRef = 63DED9292AD3CCE70057A584 /* SafeAreaInsetsBootcamp.swift */; };
		63DED9542AD3CCE70057A584 /* NavigationViewBootcamp.swift in Sources */ = {isa = PBXBuildFile; fileRef = 63DED92A2AD3CCE70057A584 /* NavigationViewBootcamp.swift */; };
		63DED9552AD3CCE70057A584 /* SafeAreaBootcamp.swift in Sources */ = {isa = PBXBuildFile; fileRef = 63DED92B2AD3CCE70057A584 /* SafeAreaBootcamp.swift */; };
		63DED9562AD3CCE70057A584 /* AlertBootcamp.swift in Sources */ = {isa = PBXBuildFile; fileRef = 63DED92C2AD3CCE70057A584 /* AlertBootcamp.swift */; };
		63DED9572AD3CCE70057A584 /* PickerBootcamp.swift in Sources */ = {isa = PBXBuildFile; fileRef = 63DED92D2AD3CCE70057A584 /* PickerBootcamp.swift */; };
		63DED9582AD3CCE70057A584 /* OnAppearBootcamp.swift in Sources */ = {isa = PBXBuildFile; fileRef = 63DED92E2AD3CCE70057A584 /* OnAppearBootcamp.swift */; };
		63DED9592AD3CCE70057A584 /* ExtractSubviewsBootcamp.swift in Sources */ = {isa = PBXBuildFile; fileRef = 63DED92F2AD3CCE70057A584 /* ExtractSubviewsBootcamp.swift */; };
		63DED95A2AD3CCE70057A584 /* ButtonBootcamp.swift in Sources */ = {isa = PBXBuildFile; fileRef = 63DED9302AD3CCE70057A584 /* ButtonBootcamp.swift */; };
		63DED95B2AD3CCE70057A584 /* ShapesBootcamp.swift in Sources */ = {isa = PBXBuildFile; fileRef = 63DED9312AD3CCE70057A584 /* ShapesBootcamp.swift */; };
		63DED95C2AD3CCE70057A584 /* ListViewBootcamp.swift in Sources */ = {isa = PBXBuildFile; fileRef = 63DED9322AD3CCE70057A584 /* ListViewBootcamp.swift */; };
		63DED95D2AD3CCE70057A584 /* ViewModelBootcamp.swift in Sources */ = {isa = PBXBuildFile; fileRef = 63DED9332AD3CCE70057A584 /* ViewModelBootcamp.swift */; };
		63DED95E2AD3CCE70057A584 /* GroupBootcamp.swift in Sources */ = {isa = PBXBuildFile; fileRef = 63DED9342AD3CCE70057A584 /* GroupBootcamp.swift */; };
		63DED95F2AD3CCE70057A584 /* AppStorageBootcamp.swift in Sources */ = {isa = PBXBuildFile; fileRef = 63DED9352AD3CCE70057A584 /* AppStorageBootcamp.swift */; };
		63DED9602AD3CCE70057A584 /* BadgesBootcamp.swift in Sources */ = {isa = PBXBuildFile; fileRef = 63DED9362AD3CCE70057A584 /* BadgesBootcamp.swift */; };
		63DED9612AD3CCE70057A584 /* ImageBootcamp.swift in Sources */ = {isa = PBXBuildFile; fileRef = 63DED9372AD3CCE70057A584 /* ImageBootcamp.swift */; };
		63DED9622AD3CCE70057A584 /* StacksBootcamp.swift in Sources */ = {isa = PBXBuildFile; fileRef = 63DED9382AD3CCE70057A584 /* StacksBootcamp.swift */; };
		63DED9632AD3CCE70057A584 /* StepperBootcamp.swift in Sources */ = {isa = PBXBuildFile; fileRef = 63DED9392AD3CCE70057A584 /* StepperBootcamp.swift */; };
		63DED9642AD3CCE70057A584 /* IfLetGuardBootcamp.swift in Sources */ = {isa = PBXBuildFile; fileRef = 63DED93A2AD3CCE70057A584 /* IfLetGuardBootcamp.swift */; };
		63DED9652AD3CCE70057A584 /* AnimationBootcamp.swift in Sources */ = {isa = PBXBuildFile; fileRef = 63DED93B2AD3CCE70057A584 /* AnimationBootcamp.swift */; };
		63DED9662AD3CCE70057A584 /* TransitionAnimationBootcamp.swift in Sources */ = {isa = PBXBuildFile; fileRef = 63DED93C2AD3CCE70057A584 /* TransitionAnimationBootcamp.swift */; };
		63DED9672AD3CCE70057A584 /* TextFieldBootcamp.swift in Sources */ = {isa = PBXBuildFile; fileRef = 63DED93D2AD3CCE70057A584 /* TextFieldBootcamp.swift */; };
		63DED9682AD3CCE70057A584 /* DarkModeBootcamp.swift in Sources */ = {isa = PBXBuildFile; fileRef = 63DED93E2AD3CCE70057A584 /* DarkModeBootcamp.swift */; };
		63DED9692AD3CCE70057A584 /* AnimationTimingBootcamp.swift in Sources */ = {isa = PBXBuildFile; fileRef = 63DED93F2AD3CCE70057A584 /* AnimationTimingBootcamp.swift */; };
		63DED96A2AD3CCE70057A584 /* SliderBootcamp.swift in Sources */ = {isa = PBXBuildFile; fileRef = 63DED9402AD3CCE70057A584 /* SliderBootcamp.swift */; };
		63DED96B2AD3CCE70057A584 /* ActionSheetBootcamp.swift in Sources */ = {isa = PBXBuildFile; fileRef = 63DED9412AD3CCE70057A584 /* ActionSheetBootcamp.swift */; };
		63DED96C2AD3CCE70057A584 /* AsyncImageBootcamp.swift in Sources */ = {isa = PBXBuildFile; fileRef = 63DED9422AD3CCE70057A584 /* AsyncImageBootcamp.swift */; };
		63DED96D2AD3CCE70057A584 /* TabViewBootcamp.swift in Sources */ = {isa = PBXBuildFile; fileRef = 63DED9432AD3CCE70057A584 /* TabViewBootcamp.swift */; };
		63DED96E2AD3CCE70057A584 /* IconBootcamp.swift in Sources */ = {isa = PBXBuildFile; fileRef = 63DED9442AD3CCE70057A584 /* IconBootcamp.swift */; };
		63E74C6A2AE6322400DF7961 /* SearchableBootcamp.swift in Sources */ = {isa = PBXBuildFile; fileRef = 63E74C692AE6322400DF7961 /* SearchableBootcamp.swift */; };
		63E9A91A2ADF9753004A7133 /* StructClassActorBootcamp.swift in Sources */ = {isa = PBXBuildFile; fileRef = 63E9A9192ADF9753004A7133 /* StructClassActorBootcamp.swift */; };
		63ED10212AEB757500682015 /* CoreDataRelationshipsBootcamp.swift in Sources */ = {isa = PBXBuildFile; fileRef = 63ED10202AEB757500682015 /* CoreDataRelationshipsBootcamp.swift */; };
		63F2E8B02AE782D0006060BC /* DragGestureBootcamp.swift in Sources */ = {isa = PBXBuildFile; fileRef = 63F2E8AF2AE782D0006060BC /* DragGestureBootcamp.swift */; };
		63F2E8B22AE7AB61006060BC /* ScrollViewReaderBootcamp.swift in Sources */ = {isa = PBXBuildFile; fileRef = 63F2E8B12AE7AB61006060BC /* ScrollViewReaderBootcamp.swift */; };
		63F2E8B42AE7C0EA006060BC /* GeometryReaderBootcamp.swift in Sources */ = {isa = PBXBuildFile; fileRef = 63F2E8B32AE7C0EA006060BC /* GeometryReaderBootcamp.swift */; };
		63F2E8B62AE7D0C7006060BC /* MultipleSheetsBootcamp.swift in Sources */ = {isa = PBXBuildFile; fileRef = 63F2E8B52AE7D0C7006060BC /* MultipleSheetsBootcamp.swift */; };
/* End PBXBuildFile section */

/* Begin PBXFileReference section */
		63051F4B2AE8E4AB00B0C64A /* MaskBootcamp.swift */ = {isa = PBXFileReference; lastKnownFileType = sourcecode.swift; path = MaskBootcamp.swift; sourceTree = "<group>"; };
		63051F4D2AE8EA3900B0C64A /* SoundsBootcamp.swift */ = {isa = PBXFileReference; lastKnownFileType = sourcecode.swift; path = SoundsBootcamp.swift; sourceTree = "<group>"; };
		63051F502AE8F38000B0C64A /* tada.mp3 */ = {isa = PBXFileReference; lastKnownFileType = audio.mp3; path = tada.mp3; sourceTree = "<group>"; };
		63051F522AE8FAAC00B0C64A /* HapticBootcamp.swift */ = {isa = PBXFileReference; lastKnownFileType = sourcecode.swift; path = HapticBootcamp.swift; sourceTree = "<group>"; };
		63051F542AE913AD00B0C64A /* LocalNotificationBootcamp.swift */ = {isa = PBXFileReference; lastKnownFileType = sourcecode.swift; path = LocalNotificationBootcamp.swift; sourceTree = "<group>"; };
		63051F562AE9259200B0C64A /* HashableBootcamp.swift */ = {isa = PBXFileReference; lastKnownFileType = sourcecode.swift; path = HashableBootcamp.swift; sourceTree = "<group>"; };
		630D44632AF8ABB900054FF9 /* AccessibilityColorBootcamp.swift */ = {isa = PBXFileReference; lastKnownFileType = sourcecode.swift; path = AccessibilityColorBootcamp.swift; sourceTree = "<group>"; };
		630D44652AF8CB6300054FF9 /* AccessibilityVoiceOverBootcamp.swift */ = {isa = PBXFileReference; lastKnownFileType = sourcecode.swift; path = AccessibilityVoiceOverBootcamp.swift; sourceTree = "<group>"; };
		630D44682AF8EB4700054FF9 /* ViewModifiersBootcamp.swift */ = {isa = PBXFileReference; lastKnownFileType = sourcecode.swift; path = ViewModifiersBootcamp.swift; sourceTree = "<group>"; };
		6316490E2AD7F3F400C3E8FE /* DownloadImageAsyncBootcamp.swift */ = {isa = PBXFileReference; lastKnownFileType = sourcecode.swift; path = DownloadImageAsyncBootcamp.swift; sourceTree = "<group>"; };
		631F5FB02ADD272700768AEF /* AsyncPublisherBootcamp.swift */ = {isa = PBXFileReference; lastKnownFileType = sourcecode.swift; path = AsyncPublisherBootcamp.swift; sourceTree = "<group>"; };
		631F5FB22ADD3AC000768AEF /* ProtocolsBootcamp.swift */ = {isa = PBXFileReference; lastKnownFileType = sourcecode.swift; path = ProtocolsBootcamp.swift; sourceTree = "<group>"; };
		6329B1302AEA23710084C77B /* SortFilterMapBootcamp.swift */ = {isa = PBXFileReference; lastKnownFileType = sourcecode.swift; path = SortFilterMapBootcamp.swift; sourceTree = "<group>"; };
		633A19102AFE031C005F9A5B /* CustomShapesBootcamp.swift */ = {isa = PBXFileReference; lastKnownFileType = sourcecode.swift; path = CustomShapesBootcamp.swift; sourceTree = "<group>"; };
		633BCB452AF4B30300F7F619 /* PhotoModel.swift */ = {isa = PBXFileReference; lastKnownFileType = sourcecode.swift; path = PhotoModel.swift; sourceTree = "<group>"; };
		633BCB472AF4B3A600F7F619 /* DownlodingImagesViewModel.swift */ = {isa = PBXFileReference; lastKnownFileType = sourcecode.swift; path = DownlodingImagesViewModel.swift; sourceTree = "<group>"; };
		633BCB492AF4B49400F7F619 /* DownloadingImagesBootcamp.swift */ = {isa = PBXFileReference; lastKnownFileType = sourcecode.swift; path = DownloadingImagesBootcamp.swift; sourceTree = "<group>"; };
		633BCB4B2AF4B57200F7F619 /* PhotoModelDataService.swift */ = {isa = PBXFileReference; lastKnownFileType = sourcecode.swift; path = PhotoModelDataService.swift; sourceTree = "<group>"; };
		633BCB4F2AF4BBF200F7F619 /* PhotoItemView.swift */ = {isa = PBXFileReference; lastKnownFileType = sourcecode.swift; path = PhotoItemView.swift; sourceTree = "<group>"; };
		633BCB512AF4C3FE00F7F619 /* PhotoView.swift */ = {isa = PBXFileReference; lastKnownFileType = sourcecode.swift; path = PhotoView.swift; sourceTree = "<group>"; };
		633BCB532AF4C4DC00F7F619 /* ImageLoadingViewModel.swift */ = {isa = PBXFileReference; lastKnownFileType = sourcecode.swift; path = ImageLoadingViewModel.swift; sourceTree = "<group>"; };
		633BCB552AF4CACC00F7F619 /* PhotoModelCacheManager.swift */ = {isa = PBXFileReference; lastKnownFileType = sourcecode.swift; path = PhotoModelCacheManager.swift; sourceTree = "<group>"; };
		633BCB582AF4CCC300F7F619 /* PhotoModelFileManager.swift */ = {isa = PBXFileReference; lastKnownFileType = sourcecode.swift; path = PhotoModelFileManager.swift; sourceTree = "<group>"; };
		633BCB5A2AF4F6A600F7F619 /* PhotoViewer.swift */ = {isa = PBXFileReference; lastKnownFileType = sourcecode.swift; path = PhotoViewer.swift; sourceTree = "<group>"; };
		633DBF982AD3CA6500F45A48 /* iOS Bootcamp.app */ = {isa = PBXFileReference; explicitFileType = wrapper.application; includeInIndex = 0; path = "iOS Bootcamp.app"; sourceTree = BUILT_PRODUCTS_DIR; };
		633DBF9B2AD3CA6500F45A48 /* iOS_BootcampApp.swift */ = {isa = PBXFileReference; lastKnownFileType = sourcecode.swift; path = iOS_BootcampApp.swift; sourceTree = "<group>"; };
		633DBF9F2AD3CA6700F45A48 /* Assets.xcassets */ = {isa = PBXFileReference; lastKnownFileType = folder.assetcatalog; path = Assets.xcassets; sourceTree = "<group>"; };
		633DBFA22AD3CA6700F45A48 /* Preview Assets.xcassets */ = {isa = PBXFileReference; lastKnownFileType = folder.assetcatalog; path = "Preview Assets.xcassets"; sourceTree = "<group>"; };
		63B51F7D2AD69E75004FD296 /* TaskViewModel.swift */ = {isa = PBXFileReference; fileEncoding = 4; lastKnownFileType = sourcecode.swift; path = TaskViewModel.swift; sourceTree = "<group>"; };
		63B51F7F2AD69E75004FD296 /* AddView.swift */ = {isa = PBXFileReference; fileEncoding = 4; lastKnownFileType = sourcecode.swift; path = AddView.swift; sourceTree = "<group>"; };
		63B51F802AD69E75004FD296 /* LaunchScreen.storyboard */ = {isa = PBXFileReference; fileEncoding = 4; lastKnownFileType = file.storyboard; path = LaunchScreen.storyboard; sourceTree = "<group>"; };
		63B51F812AD69E75004FD296 /* NoTasksView.swift */ = {isa = PBXFileReference; fileEncoding = 4; lastKnownFileType = sourcecode.swift; path = NoTasksView.swift; sourceTree = "<group>"; };
		63B51F822AD69E75004FD296 /* TasksView.swift */ = {isa = PBXFileReference; fileEncoding = 4; lastKnownFileType = sourcecode.swift; path = TasksView.swift; sourceTree = "<group>"; };
		63B51F832AD69E75004FD296 /* TaskItem.swift */ = {isa = PBXFileReference; fileEncoding = 4; lastKnownFileType = sourcecode.swift; path = TaskItem.swift; sourceTree = "<group>"; };
		63B51F852AD69E75004FD296 /* TaskModel.swift */ = {isa = PBXFileReference; fileEncoding = 4; lastKnownFileType = sourcecode.swift; path = TaskModel.swift; sourceTree = "<group>"; };
		63B51F8E2AD6B4B7004FD296 /* DoCatchTryThrowsBootcamp.swift */ = {isa = PBXFileReference; lastKnownFileType = sourcecode.swift; path = DoCatchTryThrowsBootcamp.swift; sourceTree = "<group>"; };
		63B916812AE23E5C0088C475 /* ActorsBootcamp.swift */ = {isa = PBXFileReference; lastKnownFileType = sourcecode.swift; path = ActorsBootcamp.swift; sourceTree = "<group>"; };
		63B916832AE2855A0088C475 /* SendableBootcamp.swift */ = {isa = PBXFileReference; lastKnownFileType = sourcecode.swift; path = SendableBootcamp.swift; sourceTree = "<group>"; };
		63BC29B42AEA623F00ADC3BD /* CoreDataBootcamp.swift */ = {isa = PBXFileReference; lastKnownFileType = sourcecode.swift; path = CoreDataBootcamp.swift; sourceTree = "<group>"; };
		63BC29B72AEA68B600ADC3BD /* CoreDataContainer.xcdatamodel */ = {isa = PBXFileReference; lastKnownFileType = wrapper.xcdatamodel; path = CoreDataContainer.xcdatamodel; sourceTree = "<group>"; };
		63BE59692AD5040A000A2DF0 /* ArraysSetsDics.playground */ = {isa = PBXFileReference; lastKnownFileType = file.playground; path = ArraysSetsDics.playground; sourceTree = "<group>"; xcLanguageSpecificationIdentifier = xcode.lang.swift; };
		63C198002AF0E8EC00566A0D /* BackgroundThreadBootcamp.swift */ = {isa = PBXFileReference; lastKnownFileType = sourcecode.swift; path = BackgroundThreadBootcamp.swift; sourceTree = "<group>"; };
		63C198022AF0F44100566A0D /* WeakSelfBootcamp.swift */ = {isa = PBXFileReference; lastKnownFileType = sourcecode.swift; path = WeakSelfBootcamp.swift; sourceTree = "<group>"; };
		63C198042AF1053B00566A0D /* TypealiasBootcamp.swift */ = {isa = PBXFileReference; lastKnownFileType = sourcecode.swift; path = TypealiasBootcamp.swift; sourceTree = "<group>"; };
		63C198062AF10FCD00566A0D /* EscapingBootcamp.swift */ = {isa = PBXFileReference; lastKnownFileType = sourcecode.swift; path = EscapingBootcamp.swift; sourceTree = "<group>"; };
		63C839DC2AF217F800C239BF /* CodableBootcamp.swift */ = {isa = PBXFileReference; lastKnownFileType = sourcecode.swift; path = CodableBootcamp.swift; sourceTree = "<group>"; };
		63C839DE2AF221EB00C239BF /* DownloadFromAPIBootcamp.swift */ = {isa = PBXFileReference; lastKnownFileType = sourcecode.swift; path = DownloadFromAPIBootcamp.swift; sourceTree = "<group>"; };
		63C839E02AF2524400C239BF /* DownloadWithCombineBootcamp.swift */ = {isa = PBXFileReference; lastKnownFileType = sourcecode.swift; path = DownloadWithCombineBootcamp.swift; sourceTree = "<group>"; };
		63C839E22AF2633700C239BF /* TimerBootcamp.swift */ = {isa = PBXFileReference; lastKnownFileType = sourcecode.swift; path = TimerBootcamp.swift; sourceTree = "<group>"; };
		63C8D2252ADE447D004CBE60 /* StrongSelfBootcamp.swift */ = {isa = PBXFileReference; lastKnownFileType = sourcecode.swift; path = StrongSelfBootcamp.swift; sourceTree = "<group>"; };
		63C8D2272ADE59DA004CBE60 /* MVVMBootcamp.swift */ = {isa = PBXFileReference; lastKnownFileType = sourcecode.swift; path = MVVMBootcamp.swift; sourceTree = "<group>"; };
		63C8D2292ADE683E004CBE60 /* RefreshableBootcamp.swift */ = {isa = PBXFileReference; lastKnownFileType = sourcecode.swift; path = RefreshableBootcamp.swift; sourceTree = "<group>"; };
		63C8D22B2ADE7B57004CBE60 /* PhotosPickerBootcamp.swift */ = {isa = PBXFileReference; lastKnownFileType = sourcecode.swift; path = PhotosPickerBootcamp.swift; sourceTree = "<group>"; };
		63CA1D592AF3623D0090BD01 /* SubscribersBootcamp.swift */ = {isa = PBXFileReference; lastKnownFileType = sourcecode.swift; path = SubscribersBootcamp.swift; sourceTree = "<group>"; };
		63CA1D5B2AF377B20090BD01 /* FileManagerBootcamp.swift */ = {isa = PBXFileReference; lastKnownFileType = sourcecode.swift; path = FileManagerBootcamp.swift; sourceTree = "<group>"; };
		63CA1D632AF3B2090090BD01 /* CacheBootcamp.swift */ = {isa = PBXFileReference; lastKnownFileType = sourcecode.swift; path = CacheBootcamp.swift; sourceTree = "<group>"; };
		63CAFF9B2AD65D1B0081E35C /* Loops.playground */ = {isa = PBXFileReference; lastKnownFileType = file.playground; path = Loops.playground; sourceTree = "<group>"; xcLanguageSpecificationIdentifier = xcode.lang.swift; };
		63CAFF9C2AD664900081E35C /* Statements.playground */ = {isa = PBXFileReference; lastKnownFileType = file.playground; path = Statements.playground; sourceTree = "<group>"; xcLanguageSpecificationIdentifier = xcode.lang.swift; };
		63CAFF9D2AD6858F0081E35C /* FilterSortMap.playground */ = {isa = PBXFileReference; lastKnownFileType = file.playground; path = FilterSortMap.playground; sourceTree = "<group>"; xcLanguageSpecificationIdentifier = xcode.lang.swift; };
		63CCE0852AFB7DED00E88AEA /* AnyTransitionBootcamp.swift */ = {isa = PBXFileReference; lastKnownFileType = sourcecode.swift; path = AnyTransitionBootcamp.swift; sourceTree = "<group>"; };
		63CCE0872AFB98E300E88AEA /* MatchedGeometryEffectBootcamp.swift */ = {isa = PBXFileReference; lastKnownFileType = sourcecode.swift; path = MatchedGeometryEffectBootcamp.swift; sourceTree = "<group>"; };
		63CE08152AE67F8B001588FE /* LongPressGestureBootcamp.swift */ = {isa = PBXFileReference; lastKnownFileType = sourcecode.swift; path = LongPressGestureBootcamp.swift; sourceTree = "<group>"; };
		63CE08172AE68CC9001588FE /* MagnificationGestureBootcamp.swift */ = {isa = PBXFileReference; lastKnownFileType = sourcecode.swift; path = MagnificationGestureBootcamp.swift; sourceTree = "<group>"; };
		63CE081A2AE693F8001588FE /* RotationGestureBootcamp.swift */ = {isa = PBXFileReference; lastKnownFileType = sourcecode.swift; path = RotationGestureBootcamp.swift; sourceTree = "<group>"; };
		63DED91B2AD3CCE70057A584 /* ContextMenuBootcamp.swift */ = {isa = PBXFileReference; fileEncoding = 4; lastKnownFileType = sourcecode.swift; path = ContextMenuBootcamp.swift; sourceTree = "<group>"; };
		63DED91C2AD3CCE70057A584 /* CustomModelBootcamp.swift */ = {isa = PBXFileReference; fileEncoding = 4; lastKnownFileType = sourcecode.swift; path = CustomModelBootcamp.swift; sourceTree = "<group>"; };
		63DED91D2AD3CCE70057A584 /* TextBootcamp.swift */ = {isa = PBXFileReference; fileEncoding = 4; lastKnownFileType = sourcecode.swift; path = TextBootcamp.swift; sourceTree = "<group>"; };
		63DED91E2AD3CCE70057A584 /* SheetBootcamp.swift */ = {isa = PBXFileReference; fileEncoding = 4; lastKnownFileType = sourcecode.swift; path = SheetBootcamp.swift; sourceTree = "<group>"; };
		63DED91F2AD3CCE70057A584 /* ListBootcamp.swift */ = {isa = PBXFileReference; fileEncoding = 4; lastKnownFileType = sourcecode.swift; path = ListBootcamp.swift; sourceTree = "<group>"; };
		63DED9202AD3CCE70057A584 /* ToggleBootcamp.swift */ = {isa = PBXFileReference; fileEncoding = 4; lastKnownFileType = sourcecode.swift; path = ToggleBootcamp.swift; sourceTree = "<group>"; };
		63DED9212AD3CCE70057A584 /* NavigationStackBootcamp.swift */ = {isa = PBXFileReference; fileEncoding = 4; lastKnownFileType = sourcecode.swift; path = NavigationStackBootcamp.swift; sourceTree = "<group>"; };
		63DED9222AD3CCE70057A584 /* GridViewBootcamp.swift */ = {isa = PBXFileReference; fileEncoding = 4; lastKnownFileType = sourcecode.swift; path = GridViewBootcamp.swift; sourceTree = "<group>"; };
		63DED9232AD3CCE70057A584 /* FrameBootcamp.swift */ = {isa = PBXFileReference; fileEncoding = 4; lastKnownFileType = sourcecode.swift; path = FrameBootcamp.swift; sourceTree = "<group>"; };
		63DED9242AD3CCE70057A584 /* ToolbarBootcamp.swift */ = {isa = PBXFileReference; fileEncoding = 4; lastKnownFileType = sourcecode.swift; path = ToolbarBootcamp.swift; sourceTree = "<group>"; };
		63DED9252AD3CCE70057A584 /* DocumentationBootcamp.swift */ = {isa = PBXFileReference; fileEncoding = 4; lastKnownFileType = sourcecode.swift; path = DocumentationBootcamp.swift; sourceTree = "<group>"; };
		63DED9262AD3CCE70057A584 /* ColorPickerBootcamp.swift */ = {isa = PBXFileReference; fileEncoding = 4; lastKnownFileType = sourcecode.swift; path = ColorPickerBootcamp.swift; sourceTree = "<group>"; };
		63DED9272AD3CCE70057A584 /* EnvironmentObjectBootcamp.swift */ = {isa = PBXFileReference; fileEncoding = 4; lastKnownFileType = sourcecode.swift; path = EnvironmentObjectBootcamp.swift; sourceTree = "<group>"; };
		63DED9282AD3CCE70057A584 /* DatePickerBootcamp.swift */ = {isa = PBXFileReference; fileEncoding = 4; lastKnownFileType = sourcecode.swift; path = DatePickerBootcamp.swift; sourceTree = "<group>"; };
		63DED9292AD3CCE70057A584 /* SafeAreaInsetsBootcamp.swift */ = {isa = PBXFileReference; fileEncoding = 4; lastKnownFileType = sourcecode.swift; path = SafeAreaInsetsBootcamp.swift; sourceTree = "<group>"; };
		63DED92A2AD3CCE70057A584 /* NavigationViewBootcamp.swift */ = {isa = PBXFileReference; fileEncoding = 4; lastKnownFileType = sourcecode.swift; path = NavigationViewBootcamp.swift; sourceTree = "<group>"; };
		63DED92B2AD3CCE70057A584 /* SafeAreaBootcamp.swift */ = {isa = PBXFileReference; fileEncoding = 4; lastKnownFileType = sourcecode.swift; path = SafeAreaBootcamp.swift; sourceTree = "<group>"; };
		63DED92C2AD3CCE70057A584 /* AlertBootcamp.swift */ = {isa = PBXFileReference; fileEncoding = 4; lastKnownFileType = sourcecode.swift; path = AlertBootcamp.swift; sourceTree = "<group>"; };
		63DED92D2AD3CCE70057A584 /* PickerBootcamp.swift */ = {isa = PBXFileReference; fileEncoding = 4; lastKnownFileType = sourcecode.swift; path = PickerBootcamp.swift; sourceTree = "<group>"; };
		63DED92E2AD3CCE70057A584 /* OnAppearBootcamp.swift */ = {isa = PBXFileReference; fileEncoding = 4; lastKnownFileType = sourcecode.swift; path = OnAppearBootcamp.swift; sourceTree = "<group>"; };
		63DED92F2AD3CCE70057A584 /* ExtractSubviewsBootcamp.swift */ = {isa = PBXFileReference; fileEncoding = 4; lastKnownFileType = sourcecode.swift; path = ExtractSubviewsBootcamp.swift; sourceTree = "<group>"; };
		63DED9302AD3CCE70057A584 /* ButtonBootcamp.swift */ = {isa = PBXFileReference; fileEncoding = 4; lastKnownFileType = sourcecode.swift; path = ButtonBootcamp.swift; sourceTree = "<group>"; };
		63DED9312AD3CCE70057A584 /* ShapesBootcamp.swift */ = {isa = PBXFileReference; fileEncoding = 4; lastKnownFileType = sourcecode.swift; path = ShapesBootcamp.swift; sourceTree = "<group>"; };
		63DED9322AD3CCE70057A584 /* ListViewBootcamp.swift */ = {isa = PBXFileReference; fileEncoding = 4; lastKnownFileType = sourcecode.swift; path = ListViewBootcamp.swift; sourceTree = "<group>"; };
		63DED9332AD3CCE70057A584 /* ViewModelBootcamp.swift */ = {isa = PBXFileReference; fileEncoding = 4; lastKnownFileType = sourcecode.swift; path = ViewModelBootcamp.swift; sourceTree = "<group>"; };
		63DED9342AD3CCE70057A584 /* GroupBootcamp.swift */ = {isa = PBXFileReference; fileEncoding = 4; lastKnownFileType = sourcecode.swift; path = GroupBootcamp.swift; sourceTree = "<group>"; };
		63DED9352AD3CCE70057A584 /* AppStorageBootcamp.swift */ = {isa = PBXFileReference; fileEncoding = 4; lastKnownFileType = sourcecode.swift; path = AppStorageBootcamp.swift; sourceTree = "<group>"; };
		63DED9362AD3CCE70057A584 /* BadgesBootcamp.swift */ = {isa = PBXFileReference; fileEncoding = 4; lastKnownFileType = sourcecode.swift; path = BadgesBootcamp.swift; sourceTree = "<group>"; };
		63DED9372AD3CCE70057A584 /* ImageBootcamp.swift */ = {isa = PBXFileReference; fileEncoding = 4; lastKnownFileType = sourcecode.swift; path = ImageBootcamp.swift; sourceTree = "<group>"; };
		63DED9382AD3CCE70057A584 /* StacksBootcamp.swift */ = {isa = PBXFileReference; fileEncoding = 4; lastKnownFileType = sourcecode.swift; path = StacksBootcamp.swift; sourceTree = "<group>"; };
		63DED9392AD3CCE70057A584 /* StepperBootcamp.swift */ = {isa = PBXFileReference; fileEncoding = 4; lastKnownFileType = sourcecode.swift; path = StepperBootcamp.swift; sourceTree = "<group>"; };
		63DED93A2AD3CCE70057A584 /* IfLetGuardBootcamp.swift */ = {isa = PBXFileReference; fileEncoding = 4; lastKnownFileType = sourcecode.swift; path = IfLetGuardBootcamp.swift; sourceTree = "<group>"; };
		63DED93B2AD3CCE70057A584 /* AnimationBootcamp.swift */ = {isa = PBXFileReference; fileEncoding = 4; lastKnownFileType = sourcecode.swift; path = AnimationBootcamp.swift; sourceTree = "<group>"; };
		63DED93C2AD3CCE70057A584 /* TransitionAnimationBootcamp.swift */ = {isa = PBXFileReference; fileEncoding = 4; lastKnownFileType = sourcecode.swift; path = TransitionAnimationBootcamp.swift; sourceTree = "<group>"; };
		63DED93D2AD3CCE70057A584 /* TextFieldBootcamp.swift */ = {isa = PBXFileReference; fileEncoding = 4; lastKnownFileType = sourcecode.swift; path = TextFieldBootcamp.swift; sourceTree = "<group>"; };
		63DED93E2AD3CCE70057A584 /* DarkModeBootcamp.swift */ = {isa = PBXFileReference; fileEncoding = 4; lastKnownFileType = sourcecode.swift; path = DarkModeBootcamp.swift; sourceTree = "<group>"; };
		63DED93F2AD3CCE70057A584 /* AnimationTimingBootcamp.swift */ = {isa = PBXFileReference; fileEncoding = 4; lastKnownFileType = sourcecode.swift; path = AnimationTimingBootcamp.swift; sourceTree = "<group>"; };
		63DED9402AD3CCE70057A584 /* SliderBootcamp.swift */ = {isa = PBXFileReference; fileEncoding = 4; lastKnownFileType = sourcecode.swift; path = SliderBootcamp.swift; sourceTree = "<group>"; };
		63DED9412AD3CCE70057A584 /* ActionSheetBootcamp.swift */ = {isa = PBXFileReference; fileEncoding = 4; lastKnownFileType = sourcecode.swift; path = ActionSheetBootcamp.swift; sourceTree = "<group>"; };
		63DED9422AD3CCE70057A584 /* AsyncImageBootcamp.swift */ = {isa = PBXFileReference; fileEncoding = 4; lastKnownFileType = sourcecode.swift; path = AsyncImageBootcamp.swift; sourceTree = "<group>"; };
		63DED9432AD3CCE70057A584 /* TabViewBootcamp.swift */ = {isa = PBXFileReference; fileEncoding = 4; lastKnownFileType = sourcecode.swift; path = TabViewBootcamp.swift; sourceTree = "<group>"; };
		63DED9442AD3CCE70057A584 /* IconBootcamp.swift */ = {isa = PBXFileReference; fileEncoding = 4; lastKnownFileType = sourcecode.swift; path = IconBootcamp.swift; sourceTree = "<group>"; };
		63DED9772AD3EC5A0057A584 /* Structs.playground */ = {isa = PBXFileReference; lastKnownFileType = file.playground; path = Structs.playground; sourceTree = "<group>"; xcLanguageSpecificationIdentifier = xcode.lang.swift; };
		63DED9782AD3EC780057A584 /* Tuples.playground */ = {isa = PBXFileReference; lastKnownFileType = file.playground; path = Tuples.playground; sourceTree = "<group>"; xcLanguageSpecificationIdentifier = xcode.lang.swift; };
		63DED97A2AD404D00057A584 /* Classes.playground */ = {isa = PBXFileReference; lastKnownFileType = file.playground; path = Classes.playground; sourceTree = "<group>"; xcLanguageSpecificationIdentifier = xcode.lang.swift; };
		63E74C692AE6322400DF7961 /* SearchableBootcamp.swift */ = {isa = PBXFileReference; lastKnownFileType = sourcecode.swift; path = SearchableBootcamp.swift; sourceTree = "<group>"; };
		63E9A9192ADF9753004A7133 /* StructClassActorBootcamp.swift */ = {isa = PBXFileReference; lastKnownFileType = sourcecode.swift; path = StructClassActorBootcamp.swift; sourceTree = "<group>"; };
		63ED101F2AEB723400682015 /* Enums.playground */ = {isa = PBXFileReference; lastKnownFileType = file.playground; path = Enums.playground; sourceTree = "<group>"; xcLanguageSpecificationIdentifier = xcode.lang.swift; };
		63ED10202AEB757500682015 /* CoreDataRelationshipsBootcamp.swift */ = {isa = PBXFileReference; lastKnownFileType = sourcecode.swift; path = CoreDataRelationshipsBootcamp.swift; sourceTree = "<group>"; };
		63F2E8AF2AE782D0006060BC /* DragGestureBootcamp.swift */ = {isa = PBXFileReference; lastKnownFileType = sourcecode.swift; path = DragGestureBootcamp.swift; sourceTree = "<group>"; };
		63F2E8B12AE7AB61006060BC /* ScrollViewReaderBootcamp.swift */ = {isa = PBXFileReference; lastKnownFileType = sourcecode.swift; path = ScrollViewReaderBootcamp.swift; sourceTree = "<group>"; };
		63F2E8B32AE7C0EA006060BC /* GeometryReaderBootcamp.swift */ = {isa = PBXFileReference; lastKnownFileType = sourcecode.swift; path = GeometryReaderBootcamp.swift; sourceTree = "<group>"; };
		63F2E8B52AE7D0C7006060BC /* MultipleSheetsBootcamp.swift */ = {isa = PBXFileReference; lastKnownFileType = sourcecode.swift; path = MultipleSheetsBootcamp.swift; sourceTree = "<group>"; };
/* End PBXFileReference section */

/* Begin PBXFrameworksBuildPhase section */
		633DBF952AD3CA6500F45A48 /* Frameworks */ = {
			isa = PBXFrameworksBuildPhase;
			buildActionMask = 2147483647;
			files = (
			);
			runOnlyForDeploymentPostprocessing = 0;
		};
/* End PBXFrameworksBuildPhase section */

/* Begin PBXGroup section */
		63051F4F2AE8F31F00B0C64A /* Sounds */ = {
			isa = PBXGroup;
			children = (
				63051F502AE8F38000B0C64A /* tada.mp3 */,
			);
			path = Sounds;
			sourceTree = "<group>";
		};
		630D44672AF8EB0400054FF9 /* AdvancedSwiftUI */ = {
			isa = PBXGroup;
			children = (
				63CCE0852AFB7DED00E88AEA /* AnyTransitionBootcamp.swift */,
				633A19102AFE031C005F9A5B /* CustomShapesBootcamp.swift */,
				63CCE0872AFB98E300E88AEA /* MatchedGeometryEffectBootcamp.swift */,
				631F5FB22ADD3AC000768AEF /* ProtocolsBootcamp.swift */,
				630D44682AF8EB4700054FF9 /* ViewModifiersBootcamp.swift */,
			);
			path = AdvancedSwiftUI;
			sourceTree = "<group>";
		};
		633BCB402AF4B29300F7F619 /* DownloadingImages */ = {
			isa = PBXGroup;
			children = (
				633BCB442AF4B2F100F7F619 /* Utilities */,
				633BCB432AF4B2B900F7F619 /* Models */,
				633BCB422AF4B2AF00F7F619 /* Views */,
				633BCB412AF4B2A300F7F619 /* ViewModels */,
			);
			path = DownloadingImages;
			sourceTree = "<group>";
		};
		633BCB412AF4B2A300F7F619 /* ViewModels */ = {
			isa = PBXGroup;
			children = (
				633BCB472AF4B3A600F7F619 /* DownlodingImagesViewModel.swift */,
				633BCB532AF4C4DC00F7F619 /* ImageLoadingViewModel.swift */,
			);
			path = ViewModels;
			sourceTree = "<group>";
		};
		633BCB422AF4B2AF00F7F619 /* Views */ = {
			isa = PBXGroup;
			children = (
				633BCB492AF4B49400F7F619 /* DownloadingImagesBootcamp.swift */,
				633BCB4F2AF4BBF200F7F619 /* PhotoItemView.swift */,
				633BCB512AF4C3FE00F7F619 /* PhotoView.swift */,
				633BCB5A2AF4F6A600F7F619 /* PhotoViewer.swift */,
			);
			path = Views;
			sourceTree = "<group>";
		};
		633BCB432AF4B2B900F7F619 /* Models */ = {
			isa = PBXGroup;
			children = (
				633BCB452AF4B30300F7F619 /* PhotoModel.swift */,
			);
			path = Models;
			sourceTree = "<group>";
		};
		633BCB442AF4B2F100F7F619 /* Utilities */ = {
			isa = PBXGroup;
			children = (
				633BCB4B2AF4B57200F7F619 /* PhotoModelDataService.swift */,
				633BCB552AF4CACC00F7F619 /* PhotoModelCacheManager.swift */,
				633BCB582AF4CCC300F7F619 /* PhotoModelFileManager.swift */,
			);
			path = Utilities;
			sourceTree = "<group>";
		};
		633DBF8F2AD3CA6500F45A48 = {
			isa = PBXGroup;
			children = (
				633DBF9A2AD3CA6500F45A48 /* iOS Bootcamp */,
				633DBF992AD3CA6500F45A48 /* Products */,
			);
			sourceTree = "<group>";
		};
		633DBF992AD3CA6500F45A48 /* Products */ = {
			isa = PBXGroup;
			children = (
				633DBF982AD3CA6500F45A48 /* iOS Bootcamp.app */,
			);
			name = Products;
			sourceTree = "<group>";
		};
		633DBF9A2AD3CA6500F45A48 /* iOS Bootcamp */ = {
			isa = PBXGroup;
			children = (
				633DBF9B2AD3CA6500F45A48 /* iOS_BootcampApp.swift */,
				630D44672AF8EB0400054FF9 /* AdvancedSwiftUI */,
				633BCB402AF4B29300F7F619 /* DownloadingImages */,
				63CE08142AE67AF6001588FE /* IntermediateSwiftUI */,
				63B51F8D2AD6A0D6004FD296 /* SwiftConcurrency */,
				63DED9762AD3EC390057A584 /* SwiftBasics */,
				63B51F7B2AD69E32004FD296 /* TodoApp */,
				63DED91A2AD3CCE70057A584 /* Bootcamps */,
				63051F4F2AE8F31F00B0C64A /* Sounds */,
				633DBF9F2AD3CA6700F45A48 /* Assets.xcassets */,
				633DBFA12AD3CA6700F45A48 /* Preview Content */,
			);
			path = "iOS Bootcamp";
			sourceTree = "<group>";
		};
		633DBFA12AD3CA6700F45A48 /* Preview Content */ = {
			isa = PBXGroup;
			children = (
				633DBFA22AD3CA6700F45A48 /* Preview Assets.xcassets */,
			);
			path = "Preview Content";
			sourceTree = "<group>";
		};
		63B51F7B2AD69E32004FD296 /* TodoApp */ = {
			isa = PBXGroup;
			children = (
				63B51F842AD69E75004FD296 /* Models */,
				63B51F7C2AD69E75004FD296 /* ViewModels */,
				63B51F7E2AD69E75004FD296 /* Views */,
			);
			path = TodoApp;
			sourceTree = "<group>";
		};
		63B51F7C2AD69E75004FD296 /* ViewModels */ = {
			isa = PBXGroup;
			children = (
				63B51F7D2AD69E75004FD296 /* TaskViewModel.swift */,
			);
			path = ViewModels;
			sourceTree = "<group>";
		};
		63B51F7E2AD69E75004FD296 /* Views */ = {
			isa = PBXGroup;
			children = (
				63B51F7F2AD69E75004FD296 /* AddView.swift */,
				63B51F802AD69E75004FD296 /* LaunchScreen.storyboard */,
				63B51F812AD69E75004FD296 /* NoTasksView.swift */,
				63B51F822AD69E75004FD296 /* TasksView.swift */,
				63B51F832AD69E75004FD296 /* TaskItem.swift */,
			);
			path = Views;
			sourceTree = "<group>";
		};
		63B51F842AD69E75004FD296 /* Models */ = {
			isa = PBXGroup;
			children = (
				63B51F852AD69E75004FD296 /* TaskModel.swift */,
			);
			path = Models;
			sourceTree = "<group>";
		};
		63B51F8D2AD6A0D6004FD296 /* SwiftConcurrency */ = {
			isa = PBXGroup;
			children = (
				63B916812AE23E5C0088C475 /* ActorsBootcamp.swift */,
				631F5FB02ADD272700768AEF /* AsyncPublisherBootcamp.swift */,
				63B51F8E2AD6B4B7004FD296 /* DoCatchTryThrowsBootcamp.swift */,
				6316490E2AD7F3F400C3E8FE /* DownloadImageAsyncBootcamp.swift */,
				63C8D2272ADE59DA004CBE60 /* MVVMBootcamp.swift */,
				63C8D22B2ADE7B57004CBE60 /* PhotosPickerBootcamp.swift */,
				63C8D2292ADE683E004CBE60 /* RefreshableBootcamp.swift */,
				63E74C692AE6322400DF7961 /* SearchableBootcamp.swift */,
				63B916832AE2855A0088C475 /* SendableBootcamp.swift */,
				63C8D2252ADE447D004CBE60 /* StrongSelfBootcamp.swift */,
				63E9A9192ADF9753004A7133 /* StructClassActorBootcamp.swift */,
			);
			path = SwiftConcurrency;
			sourceTree = "<group>";
		};
		63CE08142AE67AF6001588FE /* IntermediateSwiftUI */ = {
			isa = PBXGroup;
			children = (
				630D44632AF8ABB900054FF9 /* AccessibilityColorBootcamp.swift */,
				630D44652AF8CB6300054FF9 /* AccessibilityVoiceOverBootcamp.swift */,
				63C198002AF0E8EC00566A0D /* BackgroundThreadBootcamp.swift */,
				63CA1D632AF3B2090090BD01 /* CacheBootcamp.swift */,
				63C839DC2AF217F800C239BF /* CodableBootcamp.swift */,
				63BC29B42AEA623F00ADC3BD /* CoreDataBootcamp.swift */,
				63ED10202AEB757500682015 /* CoreDataRelationshipsBootcamp.swift */,
				63BC29B62AEA68B600ADC3BD /* CoreDataContainer.xcdatamodeld */,
				63C839DE2AF221EB00C239BF /* DownloadFromAPIBootcamp.swift */,
				63C839E02AF2524400C239BF /* DownloadWithCombineBootcamp.swift */,
				63F2E8AF2AE782D0006060BC /* DragGestureBootcamp.swift */,
				63C198062AF10FCD00566A0D /* EscapingBootcamp.swift */,
				63CA1D5B2AF377B20090BD01 /* FileManagerBootcamp.swift */,
				63F2E8B32AE7C0EA006060BC /* GeometryReaderBootcamp.swift */,
				63051F522AE8FAAC00B0C64A /* HapticBootcamp.swift */,
				63051F562AE9259200B0C64A /* HashableBootcamp.swift */,
				63051F542AE913AD00B0C64A /* LocalNotificationBootcamp.swift */,
				63CE08152AE67F8B001588FE /* LongPressGestureBootcamp.swift */,
				63CE08172AE68CC9001588FE /* MagnificationGestureBootcamp.swift */,
				63051F4B2AE8E4AB00B0C64A /* MaskBootcamp.swift */,
				63F2E8B52AE7D0C7006060BC /* MultipleSheetsBootcamp.swift */,
				63CE081A2AE693F8001588FE /* RotationGestureBootcamp.swift */,
				63F2E8B12AE7AB61006060BC /* ScrollViewReaderBootcamp.swift */,
				6329B1302AEA23710084C77B /* SortFilterMapBootcamp.swift */,
				63051F4D2AE8EA3900B0C64A /* SoundsBootcamp.swift */,
				63CA1D592AF3623D0090BD01 /* SubscribersBootcamp.swift */,
				63C839E22AF2633700C239BF /* TimerBootcamp.swift */,
				63C198042AF1053B00566A0D /* TypealiasBootcamp.swift */,
				63C198022AF0F44100566A0D /* WeakSelfBootcamp.swift */,
			);
			path = IntermediateSwiftUI;
			sourceTree = "<group>";
		};
		63DED91A2AD3CCE70057A584 /* Bootcamps */ = {
			isa = PBXGroup;
			children = (
				63DED9412AD3CCE70057A584 /* ActionSheetBootcamp.swift */,
				63DED92C2AD3CCE70057A584 /* AlertBootcamp.swift */,
				63DED93B2AD3CCE70057A584 /* AnimationBootcamp.swift */,
				63DED93F2AD3CCE70057A584 /* AnimationTimingBootcamp.swift */,
				63DED9352AD3CCE70057A584 /* AppStorageBootcamp.swift */,
				63DED9422AD3CCE70057A584 /* AsyncImageBootcamp.swift */,
				63DED9362AD3CCE70057A584 /* BadgesBootcamp.swift */,
				63DED9302AD3CCE70057A584 /* ButtonBootcamp.swift */,
				63DED9262AD3CCE70057A584 /* ColorPickerBootcamp.swift */,
				63DED91B2AD3CCE70057A584 /* ContextMenuBootcamp.swift */,
				63DED91C2AD3CCE70057A584 /* CustomModelBootcamp.swift */,
				63DED93E2AD3CCE70057A584 /* DarkModeBootcamp.swift */,
				63DED9282AD3CCE70057A584 /* DatePickerBootcamp.swift */,
				63DED9252AD3CCE70057A584 /* DocumentationBootcamp.swift */,
				63DED9272AD3CCE70057A584 /* EnvironmentObjectBootcamp.swift */,
				63DED9232AD3CCE70057A584 /* FrameBootcamp.swift */,
				63DED92F2AD3CCE70057A584 /* ExtractSubviewsBootcamp.swift */,
				63DED9222AD3CCE70057A584 /* GridViewBootcamp.swift */,
				63DED9342AD3CCE70057A584 /* GroupBootcamp.swift */,
				63DED9442AD3CCE70057A584 /* IconBootcamp.swift */,
				63DED9372AD3CCE70057A584 /* ImageBootcamp.swift */,
				63DED93A2AD3CCE70057A584 /* IfLetGuardBootcamp.swift */,
				63DED91F2AD3CCE70057A584 /* ListBootcamp.swift */,
				63DED9322AD3CCE70057A584 /* ListViewBootcamp.swift */,
				63DED9212AD3CCE70057A584 /* NavigationStackBootcamp.swift */,
				63DED92A2AD3CCE70057A584 /* NavigationViewBootcamp.swift */,
				63DED92E2AD3CCE70057A584 /* OnAppearBootcamp.swift */,
				63DED92D2AD3CCE70057A584 /* PickerBootcamp.swift */,
				63DED91E2AD3CCE70057A584 /* SheetBootcamp.swift */,
				63DED92B2AD3CCE70057A584 /* SafeAreaBootcamp.swift */,
				63DED9292AD3CCE70057A584 /* SafeAreaInsetsBootcamp.swift */,
				63DED9312AD3CCE70057A584 /* ShapesBootcamp.swift */,
				63DED9382AD3CCE70057A584 /* StacksBootcamp.swift */,
				63DED9392AD3CCE70057A584 /* StepperBootcamp.swift */,
				63DED9402AD3CCE70057A584 /* SliderBootcamp.swift */,
				63DED9432AD3CCE70057A584 /* TabViewBootcamp.swift */,
				63DED91D2AD3CCE70057A584 /* TextBootcamp.swift */,
				63DED93D2AD3CCE70057A584 /* TextFieldBootcamp.swift */,
				63DED9202AD3CCE70057A584 /* ToggleBootcamp.swift */,
				63DED9242AD3CCE70057A584 /* ToolbarBootcamp.swift */,
				63DED93C2AD3CCE70057A584 /* TransitionAnimationBootcamp.swift */,
				63DED9332AD3CCE70057A584 /* ViewModelBootcamp.swift */,
			);
			path = Bootcamps;
			sourceTree = "<group>";
		};
		63DED9762AD3EC390057A584 /* SwiftBasics */ = {
			isa = PBXGroup;
			children = (
				63BE59692AD5040A000A2DF0 /* ArraysSetsDics.playground */,
				63DED97A2AD404D00057A584 /* Classes.playground */,
				63ED101F2AEB723400682015 /* Enums.playground */,
				63CAFF9D2AD6858F0081E35C /* FilterSortMap.playground */,
				63CAFF9B2AD65D1B0081E35C /* Loops.playground */,
				63CAFF9C2AD664900081E35C /* Statements.playground */,
				63DED9772AD3EC5A0057A584 /* Structs.playground */,
				63DED9782AD3EC780057A584 /* Tuples.playground */,
			);
			path = SwiftBasics;
			sourceTree = "<group>";
		};
/* End PBXGroup section */

/* Begin PBXNativeTarget section */
		633DBF972AD3CA6500F45A48 /* iOS Bootcamp */ = {
			isa = PBXNativeTarget;
			buildConfigurationList = 633DBFA62AD3CA6700F45A48 /* Build configuration list for PBXNativeTarget "iOS Bootcamp" */;
			buildPhases = (
				633DBF942AD3CA6500F45A48 /* Sources */,
				633DBF952AD3CA6500F45A48 /* Frameworks */,
				633DBF962AD3CA6500F45A48 /* Resources */,
			);
			buildRules = (
			);
			dependencies = (
			);
			name = "iOS Bootcamp";
			productName = "iOS Bootcamp";
			productReference = 633DBF982AD3CA6500F45A48 /* iOS Bootcamp.app */;
			productType = "com.apple.product-type.application";
		};
/* End PBXNativeTarget section */

/* Begin PBXProject section */
		633DBF902AD3CA6500F45A48 /* Project object */ = {
			isa = PBXProject;
			attributes = {
				BuildIndependentTargetsInParallel = 1;
				LastSwiftUpdateCheck = 1420;
				LastUpgradeCheck = 1420;
				TargetAttributes = {
					633DBF972AD3CA6500F45A48 = {
						CreatedOnToolsVersion = 14.2;
					};
				};
			};
			buildConfigurationList = 633DBF932AD3CA6500F45A48 /* Build configuration list for PBXProject "iOS Bootcamp" */;
			compatibilityVersion = "Xcode 14.0";
			developmentRegion = en;
			hasScannedForEncodings = 0;
			knownRegions = (
				en,
				Base,
			);
			mainGroup = 633DBF8F2AD3CA6500F45A48;
			productRefGroup = 633DBF992AD3CA6500F45A48 /* Products */;
			projectDirPath = "";
			projectRoot = "";
			targets = (
				633DBF972AD3CA6500F45A48 /* iOS Bootcamp */,
			);
		};
/* End PBXProject section */

/* Begin PBXResourcesBuildPhase section */
		633DBF962AD3CA6500F45A48 /* Resources */ = {
			isa = PBXResourcesBuildPhase;
			buildActionMask = 2147483647;
			files = (
				63051F512AE8F38000B0C64A /* tada.mp3 in Resources */,
				63B51F882AD69E75004FD296 /* LaunchScreen.storyboard in Resources */,
				633DBFA32AD3CA6700F45A48 /* Preview Assets.xcassets in Resources */,
				633DBFA02AD3CA6700F45A48 /* Assets.xcassets in Resources */,
			);
			runOnlyForDeploymentPostprocessing = 0;
		};
/* End PBXResourcesBuildPhase section */

/* Begin PBXSourcesBuildPhase section */
		633DBF942AD3CA6500F45A48 /* Sources */ = {
			isa = PBXSourcesBuildPhase;
			buildActionMask = 2147483647;
			files = (
				63C839DF2AF221EB00C239BF /* DownloadFromAPIBootcamp.swift in Sources */,
				633BCB562AF4CACC00F7F619 /* PhotoModelCacheManager.swift in Sources */,
				63C198012AF0E8EC00566A0D /* BackgroundThreadBootcamp.swift in Sources */,
				63DED9582AD3CCE70057A584 /* OnAppearBootcamp.swift in Sources */,
				63DED95D2AD3CCE70057A584 /* ViewModelBootcamp.swift in Sources */,
				63C198052AF1053B00566A0D /* TypealiasBootcamp.swift in Sources */,
				63B51F872AD69E75004FD296 /* AddView.swift in Sources */,
				63E74C6A2AE6322400DF7961 /* SearchableBootcamp.swift in Sources */,
				63051F4C2AE8E4AB00B0C64A /* MaskBootcamp.swift in Sources */,
				63DED94B2AD3CCE70057A584 /* NavigationStackBootcamp.swift in Sources */,
				63DED96E2AD3CCE70057A584 /* IconBootcamp.swift in Sources */,
				63CA1D5A2AF3623D0090BD01 /* SubscribersBootcamp.swift in Sources */,
				63C839E12AF2524400C239BF /* DownloadWithCombineBootcamp.swift in Sources */,
				63DED9572AD3CCE70057A584 /* PickerBootcamp.swift in Sources */,
				63B51F8C2AD69E75004FD296 /* TaskModel.swift in Sources */,
				63DED9692AD3CCE70057A584 /* AnimationTimingBootcamp.swift in Sources */,
				63051F4E2AE8EA3900B0C64A /* SoundsBootcamp.swift in Sources */,
				63DED96D2AD3CCE70057A584 /* TabViewBootcamp.swift in Sources */,
				633BCB592AF4CCC300F7F619 /* PhotoModelFileManager.swift in Sources */,
				633BCB4A2AF4B49400F7F619 /* DownloadingImagesBootcamp.swift in Sources */,
				63DED9662AD3CCE70057A584 /* TransitionAnimationBootcamp.swift in Sources */,
				63C839DD2AF217F800C239BF /* CodableBootcamp.swift in Sources */,
				63DED9532AD3CCE70057A584 /* SafeAreaInsetsBootcamp.swift in Sources */,
				63DED9612AD3CCE70057A584 /* ImageBootcamp.swift in Sources */,
				63DED9472AD3CCE70057A584 /* TextBootcamp.swift in Sources */,
				63C8D2262ADE447D004CBE60 /* StrongSelfBootcamp.swift in Sources */,
				630D44662AF8CB6300054FF9 /* AccessibilityVoiceOverBootcamp.swift in Sources */,
				63ED10212AEB757500682015 /* CoreDataRelationshipsBootcamp.swift in Sources */,
				63051F552AE913AD00B0C64A /* LocalNotificationBootcamp.swift in Sources */,
				63DED95C2AD3CCE70057A584 /* ListViewBootcamp.swift in Sources */,
				63F2E8B42AE7C0EA006060BC /* GeometryReaderBootcamp.swift in Sources */,
				633BCB462AF4B30300F7F619 /* PhotoModel.swift in Sources */,
				63DED9562AD3CCE70057A584 /* AlertBootcamp.swift in Sources */,
				63DED9462AD3CCE70057A584 /* CustomModelBootcamp.swift in Sources */,
				63DED9602AD3CCE70057A584 /* BadgesBootcamp.swift in Sources */,
				63F2E8B02AE782D0006060BC /* DragGestureBootcamp.swift in Sources */,
				63DED9522AD3CCE70057A584 /* DatePickerBootcamp.swift in Sources */,
				63F2E8B22AE7AB61006060BC /* ScrollViewReaderBootcamp.swift in Sources */,
				63CE08182AE68CC9001588FE /* MagnificationGestureBootcamp.swift in Sources */,
				633BCB5B2AF4F6A600F7F619 /* PhotoViewer.swift in Sources */,
				63B51F8A2AD69E75004FD296 /* TasksView.swift in Sources */,
				63DED96A2AD3CCE70057A584 /* SliderBootcamp.swift in Sources */,
				63C8D2282ADE59DA004CBE60 /* MVVMBootcamp.swift in Sources */,
				631F5FB32ADD3AC000768AEF /* ProtocolsBootcamp.swift in Sources */,
				63DED9622AD3CCE70057A584 /* StacksBootcamp.swift in Sources */,
				63BC29B82AEA68B600ADC3BD /* CoreDataContainer.xcdatamodeld in Sources */,
				63DED94E2AD3CCE70057A584 /* ToolbarBootcamp.swift in Sources */,
				6316490F2AD7F3F400C3E8FE /* DownloadImageAsyncBootcamp.swift in Sources */,
				63CE081B2AE693F8001588FE /* RotationGestureBootcamp.swift in Sources */,
				633A19112AFE031C005F9A5B /* CustomShapesBootcamp.swift in Sources */,
				63DED95B2AD3CCE70057A584 /* ShapesBootcamp.swift in Sources */,
				63DED94F2AD3CCE70057A584 /* DocumentationBootcamp.swift in Sources */,
				63DED9642AD3CCE70057A584 /* IfLetGuardBootcamp.swift in Sources */,
				633BCB502AF4BBF200F7F619 /* PhotoItemView.swift in Sources */,
				63C198072AF10FCD00566A0D /* EscapingBootcamp.swift in Sources */,
				63DED9652AD3CCE70057A584 /* AnimationBootcamp.swift in Sources */,
				63F2E8B62AE7D0C7006060BC /* MultipleSheetsBootcamp.swift in Sources */,
				63DED9492AD3CCE70057A584 /* ListBootcamp.swift in Sources */,
				633DBF9C2AD3CA6500F45A48 /* iOS_BootcampApp.swift in Sources */,
				63DED95E2AD3CCE70057A584 /* GroupBootcamp.swift in Sources */,
				63C839E32AF2633700C239BF /* TimerBootcamp.swift in Sources */,
				63B916822AE23E5C0088C475 /* ActorsBootcamp.swift in Sources */,
				630D44692AF8EB4700054FF9 /* ViewModifiersBootcamp.swift in Sources */,
				63DED9682AD3CCE70057A584 /* DarkModeBootcamp.swift in Sources */,
				63CCE0882AFB98E300E88AEA /* MatchedGeometryEffectBootcamp.swift in Sources */,
				63DED9502AD3CCE70057A584 /* ColorPickerBootcamp.swift in Sources */,
				633BCB522AF4C3FE00F7F619 /* PhotoView.swift in Sources */,
				63DED9482AD3CCE70057A584 /* SheetBootcamp.swift in Sources */,
				63DED9672AD3CCE70057A584 /* TextFieldBootcamp.swift in Sources */,
				63DED94D2AD3CCE70057A584 /* FrameBootcamp.swift in Sources */,
				63DED96B2AD3CCE70057A584 /* ActionSheetBootcamp.swift in Sources */,
				63CA1D5C2AF377B20090BD01 /* FileManagerBootcamp.swift in Sources */,
				63051F532AE8FAAC00B0C64A /* HapticBootcamp.swift in Sources */,
				633BCB4C2AF4B57200F7F619 /* PhotoModelDataService.swift in Sources */,
				633BCB482AF4B3A600F7F619 /* DownlodingImagesViewModel.swift in Sources */,
				630D44642AF8ABB900054FF9 /* AccessibilityColorBootcamp.swift in Sources */,
				63DED96C2AD3CCE70057A584 /* AsyncImageBootcamp.swift in Sources */,
				63B51F862AD69E75004FD296 /* TaskViewModel.swift in Sources */,
				63E9A91A2ADF9753004A7133 /* StructClassActorBootcamp.swift in Sources */,
				63C198032AF0F44100566A0D /* WeakSelfBootcamp.swift in Sources */,
				63DED95A2AD3CCE70057A584 /* ButtonBootcamp.swift in Sources */,
				63B916842AE2855A0088C475 /* SendableBootcamp.swift in Sources */,
				63C8D22C2ADE7B57004CBE60 /* PhotosPickerBootcamp.swift in Sources */,
				63DED9552AD3CCE70057A584 /* SafeAreaBootcamp.swift in Sources */,
				63BC29B52AEA623F00ADC3BD /* CoreDataBootcamp.swift in Sources */,
				63CA1D642AF3B2090090BD01 /* CacheBootcamp.swift in Sources */,
				63DED94A2AD3CCE70057A584 /* ToggleBootcamp.swift in Sources */,
				63B51F892AD69E75004FD296 /* NoTasksView.swift in Sources */,
				63DED9452AD3CCE70057A584 /* ContextMenuBootcamp.swift in Sources */,
				63DED9632AD3CCE70057A584 /* StepperBootcamp.swift in Sources */,
				631F5FB12ADD272700768AEF /* AsyncPublisherBootcamp.swift in Sources */,
				63DED95F2AD3CCE70057A584 /* AppStorageBootcamp.swift in Sources */,
				633BCB542AF4C4DC00F7F619 /* ImageLoadingViewModel.swift in Sources */,
				63B51F8F2AD6B4B7004FD296 /* DoCatchTryThrowsBootcamp.swift in Sources */,
				63CCE0862AFB7DED00E88AEA /* AnyTransitionBootcamp.swift in Sources */,
				63B51F8B2AD69E75004FD296 /* TaskItem.swift in Sources */,
				63DED94C2AD3CCE70057A584 /* GridViewBootcamp.swift in Sources */,
				63051F572AE9259200B0C64A /* HashableBootcamp.swift in Sources */,
				63C8D22A2ADE683E004CBE60 /* RefreshableBootcamp.swift in Sources */,
				63CE08162AE67F8B001588FE /* LongPressGestureBootcamp.swift in Sources */,
				63DED9512AD3CCE70057A584 /* EnvironmentObjectBootcamp.swift in Sources */,
				6329B1312AEA23710084C77B /* SortFilterMapBootcamp.swift in Sources */,
				63DED9542AD3CCE70057A584 /* NavigationViewBootcamp.swift in Sources */,
				63DED9592AD3CCE70057A584 /* ExtractSubviewsBootcamp.swift in Sources */,
			);
			runOnlyForDeploymentPostprocessing = 0;
		};
/* End PBXSourcesBuildPhase section */

/* Begin XCBuildConfiguration section */
		633DBFA42AD3CA6700F45A48 /* Debug */ = {
			isa = XCBuildConfiguration;
			buildSettings = {
				ALWAYS_SEARCH_USER_PATHS = NO;
				CLANG_ANALYZER_NONNULL = YES;
				CLANG_ANALYZER_NUMBER_OBJECT_CONVERSION = YES_AGGRESSIVE;
				CLANG_CXX_LANGUAGE_STANDARD = "gnu++20";
				CLANG_ENABLE_MODULES = YES;
				CLANG_ENABLE_OBJC_ARC = YES;
				CLANG_ENABLE_OBJC_WEAK = YES;
				CLANG_WARN_BLOCK_CAPTURE_AUTORELEASING = YES;
				CLANG_WARN_BOOL_CONVERSION = YES;
				CLANG_WARN_COMMA = YES;
				CLANG_WARN_CONSTANT_CONVERSION = YES;
				CLANG_WARN_DEPRECATED_OBJC_IMPLEMENTATIONS = YES;
				CLANG_WARN_DIRECT_OBJC_ISA_USAGE = YES_ERROR;
				CLANG_WARN_DOCUMENTATION_COMMENTS = YES;
				CLANG_WARN_EMPTY_BODY = YES;
				CLANG_WARN_ENUM_CONVERSION = YES;
				CLANG_WARN_INFINITE_RECURSION = YES;
				CLANG_WARN_INT_CONVERSION = YES;
				CLANG_WARN_NON_LITERAL_NULL_CONVERSION = YES;
				CLANG_WARN_OBJC_IMPLICIT_RETAIN_SELF = YES;
				CLANG_WARN_OBJC_LITERAL_CONVERSION = YES;
				CLANG_WARN_OBJC_ROOT_CLASS = YES_ERROR;
				CLANG_WARN_QUOTED_INCLUDE_IN_FRAMEWORK_HEADER = YES;
				CLANG_WARN_RANGE_LOOP_ANALYSIS = YES;
				CLANG_WARN_STRICT_PROTOTYPES = YES;
				CLANG_WARN_SUSPICIOUS_MOVE = YES;
				CLANG_WARN_UNGUARDED_AVAILABILITY = YES_AGGRESSIVE;
				CLANG_WARN_UNREACHABLE_CODE = YES;
				CLANG_WARN__DUPLICATE_METHOD_MATCH = YES;
				COPY_PHASE_STRIP = NO;
				DEBUG_INFORMATION_FORMAT = dwarf;
				ENABLE_STRICT_OBJC_MSGSEND = YES;
				ENABLE_TESTABILITY = YES;
				GCC_C_LANGUAGE_STANDARD = gnu11;
				GCC_DYNAMIC_NO_PIC = NO;
				GCC_NO_COMMON_BLOCKS = YES;
				GCC_OPTIMIZATION_LEVEL = 0;
				GCC_PREPROCESSOR_DEFINITIONS = (
					"DEBUG=1",
					"$(inherited)",
				);
				GCC_WARN_64_TO_32_BIT_CONVERSION = YES;
				GCC_WARN_ABOUT_RETURN_TYPE = YES_ERROR;
				GCC_WARN_UNDECLARED_SELECTOR = YES;
				GCC_WARN_UNINITIALIZED_AUTOS = YES_AGGRESSIVE;
				GCC_WARN_UNUSED_FUNCTION = YES;
				GCC_WARN_UNUSED_VARIABLE = YES;
				IPHONEOS_DEPLOYMENT_TARGET = 16.2;
				MTL_ENABLE_DEBUG_INFO = INCLUDE_SOURCE;
				MTL_FAST_MATH = YES;
				ONLY_ACTIVE_ARCH = YES;
				SDKROOT = iphoneos;
				SWIFT_ACTIVE_COMPILATION_CONDITIONS = DEBUG;
				SWIFT_OPTIMIZATION_LEVEL = "-Onone";
			};
			name = Debug;
		};
		633DBFA52AD3CA6700F45A48 /* Release */ = {
			isa = XCBuildConfiguration;
			buildSettings = {
				ALWAYS_SEARCH_USER_PATHS = NO;
				CLANG_ANALYZER_NONNULL = YES;
				CLANG_ANALYZER_NUMBER_OBJECT_CONVERSION = YES_AGGRESSIVE;
				CLANG_CXX_LANGUAGE_STANDARD = "gnu++20";
				CLANG_ENABLE_MODULES = YES;
				CLANG_ENABLE_OBJC_ARC = YES;
				CLANG_ENABLE_OBJC_WEAK = YES;
				CLANG_WARN_BLOCK_CAPTURE_AUTORELEASING = YES;
				CLANG_WARN_BOOL_CONVERSION = YES;
				CLANG_WARN_COMMA = YES;
				CLANG_WARN_CONSTANT_CONVERSION = YES;
				CLANG_WARN_DEPRECATED_OBJC_IMPLEMENTATIONS = YES;
				CLANG_WARN_DIRECT_OBJC_ISA_USAGE = YES_ERROR;
				CLANG_WARN_DOCUMENTATION_COMMENTS = YES;
				CLANG_WARN_EMPTY_BODY = YES;
				CLANG_WARN_ENUM_CONVERSION = YES;
				CLANG_WARN_INFINITE_RECURSION = YES;
				CLANG_WARN_INT_CONVERSION = YES;
				CLANG_WARN_NON_LITERAL_NULL_CONVERSION = YES;
				CLANG_WARN_OBJC_IMPLICIT_RETAIN_SELF = YES;
				CLANG_WARN_OBJC_LITERAL_CONVERSION = YES;
				CLANG_WARN_OBJC_ROOT_CLASS = YES_ERROR;
				CLANG_WARN_QUOTED_INCLUDE_IN_FRAMEWORK_HEADER = YES;
				CLANG_WARN_RANGE_LOOP_ANALYSIS = YES;
				CLANG_WARN_STRICT_PROTOTYPES = YES;
				CLANG_WARN_SUSPICIOUS_MOVE = YES;
				CLANG_WARN_UNGUARDED_AVAILABILITY = YES_AGGRESSIVE;
				CLANG_WARN_UNREACHABLE_CODE = YES;
				CLANG_WARN__DUPLICATE_METHOD_MATCH = YES;
				COPY_PHASE_STRIP = NO;
				DEBUG_INFORMATION_FORMAT = "dwarf-with-dsym";
				ENABLE_NS_ASSERTIONS = NO;
				ENABLE_STRICT_OBJC_MSGSEND = YES;
				GCC_C_LANGUAGE_STANDARD = gnu11;
				GCC_NO_COMMON_BLOCKS = YES;
				GCC_WARN_64_TO_32_BIT_CONVERSION = YES;
				GCC_WARN_ABOUT_RETURN_TYPE = YES_ERROR;
				GCC_WARN_UNDECLARED_SELECTOR = YES;
				GCC_WARN_UNINITIALIZED_AUTOS = YES_AGGRESSIVE;
				GCC_WARN_UNUSED_FUNCTION = YES;
				GCC_WARN_UNUSED_VARIABLE = YES;
				IPHONEOS_DEPLOYMENT_TARGET = 16.2;
				MTL_ENABLE_DEBUG_INFO = NO;
				MTL_FAST_MATH = YES;
				SDKROOT = iphoneos;
				SWIFT_COMPILATION_MODE = wholemodule;
				SWIFT_OPTIMIZATION_LEVEL = "-O";
				VALIDATE_PRODUCT = YES;
			};
			name = Release;
		};
		633DBFA72AD3CA6700F45A48 /* Debug */ = {
			isa = XCBuildConfiguration;
			buildSettings = {
				ASSETCATALOG_COMPILER_APPICON_NAME = AppIcon;
				ASSETCATALOG_COMPILER_GLOBAL_ACCENT_COLOR_NAME = AccentColor;
				CODE_SIGN_STYLE = Automatic;
				CURRENT_PROJECT_VERSION = 1;
				DEVELOPMENT_ASSET_PATHS = "\"iOS Bootcamp/Preview Content\"";
				DEVELOPMENT_TEAM = GWF8NUKCRW;
				ENABLE_PREVIEWS = YES;
				GENERATE_INFOPLIST_FILE = YES;
				INFOPLIST_KEY_UIApplicationSceneManifest_Generation = YES;
				INFOPLIST_KEY_UIApplicationSupportsIndirectInputEvents = YES;
				INFOPLIST_KEY_UILaunchScreen_Generation = YES;
				INFOPLIST_KEY_UISupportedInterfaceOrientations_iPad = "UIInterfaceOrientationPortrait UIInterfaceOrientationPortraitUpsideDown UIInterfaceOrientationLandscapeLeft UIInterfaceOrientationLandscapeRight";
				INFOPLIST_KEY_UISupportedInterfaceOrientations_iPhone = "UIInterfaceOrientationPortrait UIInterfaceOrientationLandscapeLeft UIInterfaceOrientationLandscapeRight";
				LD_RUNPATH_SEARCH_PATHS = (
					"$(inherited)",
					"@executable_path/Frameworks",
				);
				MARKETING_VERSION = 1.0;
				PRODUCT_BUNDLE_IDENTIFIER = "com.srr..iOS-Bootcamp";
				PRODUCT_NAME = "$(TARGET_NAME)";
				SWIFT_EMIT_LOC_STRINGS = YES;
				SWIFT_VERSION = 5.0;
				TARGETED_DEVICE_FAMILY = "1,2";
			};
			name = Debug;
		};
		633DBFA82AD3CA6700F45A48 /* Release */ = {
			isa = XCBuildConfiguration;
			buildSettings = {
				ASSETCATALOG_COMPILER_APPICON_NAME = AppIcon;
				ASSETCATALOG_COMPILER_GLOBAL_ACCENT_COLOR_NAME = AccentColor;
				CODE_SIGN_STYLE = Automatic;
				CURRENT_PROJECT_VERSION = 1;
				DEVELOPMENT_ASSET_PATHS = "\"iOS Bootcamp/Preview Content\"";
				DEVELOPMENT_TEAM = GWF8NUKCRW;
				ENABLE_PREVIEWS = YES;
				GENERATE_INFOPLIST_FILE = YES;
				INFOPLIST_KEY_UIApplicationSceneManifest_Generation = YES;
				INFOPLIST_KEY_UIApplicationSupportsIndirectInputEvents = YES;
				INFOPLIST_KEY_UILaunchScreen_Generation = YES;
				INFOPLIST_KEY_UISupportedInterfaceOrientations_iPad = "UIInterfaceOrientationPortrait UIInterfaceOrientationPortraitUpsideDown UIInterfaceOrientationLandscapeLeft UIInterfaceOrientationLandscapeRight";
				INFOPLIST_KEY_UISupportedInterfaceOrientations_iPhone = "UIInterfaceOrientationPortrait UIInterfaceOrientationLandscapeLeft UIInterfaceOrientationLandscapeRight";
				LD_RUNPATH_SEARCH_PATHS = (
					"$(inherited)",
					"@executable_path/Frameworks",
				);
				MARKETING_VERSION = 1.0;
				PRODUCT_BUNDLE_IDENTIFIER = "com.srr..iOS-Bootcamp";
				PRODUCT_NAME = "$(TARGET_NAME)";
				SWIFT_EMIT_LOC_STRINGS = YES;
				SWIFT_VERSION = 5.0;
				TARGETED_DEVICE_FAMILY = "1,2";
			};
			name = Release;
		};
/* End XCBuildConfiguration section */

/* Begin XCConfigurationList section */
		633DBF932AD3CA6500F45A48 /* Build configuration list for PBXProject "iOS Bootcamp" */ = {
			isa = XCConfigurationList;
			buildConfigurations = (
				633DBFA42AD3CA6700F45A48 /* Debug */,
				633DBFA52AD3CA6700F45A48 /* Release */,
			);
			defaultConfigurationIsVisible = 0;
			defaultConfigurationName = Release;
		};
		633DBFA62AD3CA6700F45A48 /* Build configuration list for PBXNativeTarget "iOS Bootcamp" */ = {
			isa = XCConfigurationList;
			buildConfigurations = (
				633DBFA72AD3CA6700F45A48 /* Debug */,
				633DBFA82AD3CA6700F45A48 /* Release */,
			);
			defaultConfigurationIsVisible = 0;
			defaultConfigurationName = Release;
		};
/* End XCConfigurationList section */

/* Begin XCVersionGroup section */
		63BC29B62AEA68B600ADC3BD /* CoreDataContainer.xcdatamodeld */ = {
			isa = XCVersionGroup;
			children = (
				63BC29B72AEA68B600ADC3BD /* CoreDataContainer.xcdatamodel */,
			);
			currentVersion = 63BC29B72AEA68B600ADC3BD /* CoreDataContainer.xcdatamodel */;
			path = CoreDataContainer.xcdatamodeld;
			sourceTree = "<group>";
			versionGroupType = wrapper.xcdatamodel;
		};
/* End XCVersionGroup section */
	};
	rootObject = 633DBF902AD3CA6500F45A48 /* Project object */;
}
